{
  "lockfileVersion": 1,
  "workspaces": {
    "": {
      "dependencies": {
        "@netlify/blobs": "^8.1.0",
        "@netlify/edge-functions": "^2.11.1",
        "@netlify/functions": "^3.0.1",
        "@types/node": "^22.13.11",
        "bcryptjs": "^3.0.2",
        "disposable-email-domains-js": "^1.11.0",
      },
    },
  },
  "packages": {
    "@netlify/blobs": ["@netlify/blobs@8.1.1", "", {}, "sha512-7Dg3PzArvQ0Owq4wpkLECC9iaDBOxuWUN2uwbQtUF6tZssyez2QN+eO0CjuIhhZUivbw+X9bwsyiEjWkdJnv/A=="],

    "@netlify/edge-functions": ["@netlify/edge-functions@2.11.1", "", {}, "sha512-pyQOTZ8a+ge5lZlE+H/UAHyuqQqtL5gE0pXrHT9mOykr3YQqnkB2hZMtx12odatZ87gHg4EA+UPyMZUbLfnXvw=="],

    "@netlify/functions": ["@netlify/functions@3.0.1", "", { "dependencies": { "@netlify/serverless-functions-api": "1.35.0" } }, "sha512-KqVvGatPnn3lw80vXsFbYV3H2S9FI9TQHneFVR6BBvfHWiqTvs8NwUoBpnUWgqPKKeUMuynycDabeSi9CW2WWw=="],

    "@netlify/serverless-functions-api": ["@netlify/serverless-functions-api@1.35.0", "", {}, "sha512-BH9eF3s7bUbqkcEUMR7dne/iCXSpZD10KVkGcs53eDrON5pKxsMdXvrdAx/q0HD24vJgHXGXObGSr5sjPllGEA=="],

    "@types/node": ["@types/node@22.13.11", "", { "dependencies": { "undici-types": "~6.20.0" } }, "sha512-iEUCUJoU0i3VnrCmgoWCXttklWcvoCIx4jzcP22fioIVSdTmjgoEvmAO/QPw6TcS9k5FrNgn4w7q5lGOd1CT5g=="],

    "bcryptjs": ["bcryptjs@3.0.2", "", { "bin": { "bcrypt": "bin/bcrypt" } }, "sha512-k38b3XOZKv60C4E2hVsXTolJWfkGRMbILBIe2IBITXciy5bOsTKot5kDrf3ZfufQtQOUN5mXceUEpU1rTl9Uog=="],

    "disposable-email-domains-js": ["disposable-email-domains-js@1.11.0", "", {}, "sha512-uLktJxoBV1xus1cCgjx6sPLH5aS9/AVtJ4FnDHY4Cvn/BDcCZdB/uKT0EMEYdAE1kMef/fzFDR8HHTCwLaiZJA=="],

    "undici-types": ["undici-types@6.20.0", "", {}, "sha512-Ny6QZ2Nju20vw1SRHe3d9jVu6gJ+4e3+MMpqu7pqE5HT6WsTSlce++GQmK5UXS8mzV8DSYHrQH+Xrf2jVcuKNg=="],
  }
}
